
Microsoft Visual Studio Solution File, Format Version 12.00
# Visual Studio 15
VisualStudioVersion = 15.0.28307.705
MinimumVisualStudioVersion = 10.0.40219.1
Project("{FAE04EC0-301F-11D3-BF4B-00C04F79EFBC}") = "EventSocialProject", "EventSocialProject\EventSocialProject.csproj", "{A96CF363-3075-4BCB-96E6-431AC6504559}"
EndProject
Global
	GlobalSection(SolutionConfigurationPlatforms) = preSolution
		Debug|Any CPU = Debug|Any CPU
		Release|Any CPU = Release|Any CPU
	EndGlobalSection
	GlobalSection(ProjectConfigurationPlatforms) = postSolution
		{A96CF363-3075-4BCB-96E6-431AC6504559}.Debug|Any CPU.ActiveCfg = Debug|Any CPU
		{A96CF363-3075-4BCB-96E6-431AC6504559}.Debug|Any CPU.Build.0 = Debug|Any CPU
		{A96CF363-3075-4BCB-96E6-431AC6504559}.Release|Any CPU.ActiveCfg = Release|Any CPU
		{A96CF363-3075-4BCB-96E6-431AC6504559}.Release|Any CPU.Build.0 = Release|Any CPU
	EndGlobalSection
	GlobalSection(SolutionProperties) = preSolution
		HideSolutionNode = FALSE
	EndGlobalSection
	GlobalSection(ExtensibilityGlobals) = postSolution
		SolutionGuid = {6DF0C980-7038-4344-BE7A-A61883E766D0}
	EndGlobalSection
EndGlobal
